// !$*UTF8*$!
{
	archiveVersion = 1;
	classes = {
	};
	objectVersion = 56;
	objects = {

/* Begin PBXBuildFile section */
		4589EFA32B322E3000D9FE4D /* WeatherApp.swift in Sources */ = {isa = PBXBuildFile; fileRef = 4589EFA22B322E3000D9FE4D /* WeatherApp.swift */; };
		4589EFA52B322E3000D9FE4D /* ContentView.swift in Sources */ = {isa = PBXBuildFile; fileRef = 4589EFA42B322E3000D9FE4D /* ContentView.swift */; };
		4589EFA72B322E3800D9FE4D /* Assets.xcassets in Resources */ = {isa = PBXBuildFile; fileRef = 4589EFA62B322E3800D9FE4D /* Assets.xcassets */; };
		4589EFAA2B322E3800D9FE4D /* Preview Assets.xcassets in Resources */ = {isa = PBXBuildFile; fileRef = 4589EFA92B322E3800D9FE4D /* Preview Assets.xcassets */; };
		4589EFB12B32304200D9FE4D /* Cloud.swift in Sources */ = {isa = PBXBuildFile; fileRef = 4589EFB02B32304200D9FE4D /* Cloud.swift */; };
		4589EFB32B32317100D9FE4D /* CloudGroup.swift in Sources */ = {isa = PBXBuildFile; fileRef = 4589EFB22B32317100D9FE4D /* CloudGroup.swift */; };
		4589EFB52B32383800D9FE4D /* CloudsView.swift in Sources */ = {isa = PBXBuildFile; fileRef = 4589EFB42B32383800D9FE4D /* CloudsView.swift */; };
		4589EFB82B32468E00D9FE4D /* Color-Custom.swift in Sources */ = {isa = PBXBuildFile; fileRef = 4589EFB72B32468E00D9FE4D /* Color-Custom.swift */; };
		4589EFBB2B32486500D9FE4D /* Array-GradientStop.swift in Sources */ = {isa = PBXBuildFile; fileRef = 4589EFBA2B32486500D9FE4D /* Array-GradientStop.swift */; };
		4589EFBD2B324B8000D9FE4D /* Color-Interpolation.swift in Sources */ = {isa = PBXBuildFile; fileRef = 4589EFBC2B324B8000D9FE4D /* Color-Interpolation.swift */; };
		4589EFC02B325A5A00D9FE4D /* Star.swift in Sources */ = {isa = PBXBuildFile; fileRef = 4589EFBF2B325A5A00D9FE4D /* Star.swift */; };
		4589EFC22B325A6100D9FE4D /* StarField.swift in Sources */ = {isa = PBXBuildFile; fileRef = 4589EFC12B325A6100D9FE4D /* StarField.swift */; };
		4589EFC42B325A6E00D9FE4D /* StarsView.swift in Sources */ = {isa = PBXBuildFile; fileRef = 4589EFC32B325A6E00D9FE4D /* StarsView.swift */; };
		4589EFC72B32EF5A00D9FE4D /* Storm.swift in Sources */ = {isa = PBXBuildFile; fileRef = 4589EFC62B32EF5A00D9FE4D /* Storm.swift */; };
		4589EFC92B32EFAD00D9FE4D /* StormDrop.swift in Sources */ = {isa = PBXBuildFile; fileRef = 4589EFC82B32EFAD00D9FE4D /* StormDrop.swift */; };
		4589EFCB2B32F38C00D9FE4D /* StormView.swift in Sources */ = {isa = PBXBuildFile; fileRef = 4589EFCA2B32F38C00D9FE4D /* StormView.swift */; };
		4589EFCE2B342B5900D9FE4D /* ResidueDrop.swift in Sources */ = {isa = PBXBuildFile; fileRef = 4589EFCD2B342B5900D9FE4D /* ResidueDrop.swift */; };
		4589EFD02B342CCF00D9FE4D /* Residue.swift in Sources */ = {isa = PBXBuildFile; fileRef = 4589EFCF2B342CCF00D9FE4D /* Residue.swift */; };
		4589EFD22B34305C00D9FE4D /* ResidueView.swift in Sources */ = {isa = PBXBuildFile; fileRef = 4589EFD12B34305C00D9FE4D /* ResidueView.swift */; };
		4589EFD42B34342500D9FE4D /* WeatherDetailsView.swift in Sources */ = {isa = PBXBuildFile; fileRef = 4589EFD32B34342500D9FE4D /* WeatherDetailsView.swift */; };
		4589EFD72B3438D100D9FE4D /* Lightning.swift in Sources */ = {isa = PBXBuildFile; fileRef = 4589EFD62B3438D100D9FE4D /* Lightning.swift */; };
		4589EFD92B34390500D9FE4D /* LightningBolt.swift in Sources */ = {isa = PBXBuildFile; fileRef = 4589EFD82B34390500D9FE4D /* LightningBolt.swift */; };
		4589EFDB2B343AB200D9FE4D /* LightningView.swift in Sources */ = {isa = PBXBuildFile; fileRef = 4589EFDA2B343AB200D9FE4D /* LightningView.swift */; };
		4589EFDE2B35A4F800D9FE4D /* SunView.swift in Sources */ = {isa = PBXBuildFile; fileRef = 4589EFDD2B35A4F800D9FE4D /* SunView.swift */; };
		4589EFE12B35CCD700D9FE4D /* Meteor.swift in Sources */ = {isa = PBXBuildFile; fileRef = 4589EFE02B35CCD700D9FE4D /* Meteor.swift */; };
		4589EFE32B35D2EC00D9FE4D /* MeteorShower.swift in Sources */ = {isa = PBXBuildFile; fileRef = 4589EFE22B35D2EC00D9FE4D /* MeteorShower.swift */; };
/* End PBXBuildFile section */

/* Begin PBXFileReference section */
		4589EF9F2B322E3000D9FE4D /* Weather.app */ = {isa = PBXFileReference; explicitFileType = wrapper.application; includeInIndex = 0; path = Weather.app; sourceTree = BUILT_PRODUCTS_DIR; };
		4589EFA22B322E3000D9FE4D /* WeatherApp.swift */ = {isa = PBXFileReference; lastKnownFileType = sourcecode.swift; path = WeatherApp.swift; sourceTree = "<group>"; };
		4589EFA42B322E3000D9FE4D /* ContentView.swift */ = {isa = PBXFileReference; lastKnownFileType = sourcecode.swift; path = ContentView.swift; sourceTree = "<group>"; };
		4589EFA62B322E3800D9FE4D /* Assets.xcassets */ = {isa = PBXFileReference; lastKnownFileType = folder.assetcatalog; path = Assets.xcassets; sourceTree = "<group>"; };
		4589EFA92B322E3800D9FE4D /* Preview Assets.xcassets */ = {isa = PBXFileReference; lastKnownFileType = folder.assetcatalog; path = "Preview Assets.xcassets"; sourceTree = "<group>"; };
		4589EFB02B32304200D9FE4D /* Cloud.swift */ = {isa = PBXFileReference; lastKnownFileType = sourcecode.swift; path = Cloud.swift; sourceTree = "<group>"; };
		4589EFB22B32317100D9FE4D /* CloudGroup.swift */ = {isa = PBXFileReference; lastKnownFileType = sourcecode.swift; path = CloudGroup.swift; sourceTree = "<group>"; };
		4589EFB42B32383800D9FE4D /* CloudsView.swift */ = {isa = PBXFileReference; lastKnownFileType = sourcecode.swift; path = CloudsView.swift; sourceTree = "<group>"; };
		4589EFB72B32468E00D9FE4D /* Color-Custom.swift */ = {isa = PBXFileReference; lastKnownFileType = sourcecode.swift; path = "Color-Custom.swift"; sourceTree = "<group>"; };
		4589EFBA2B32486500D9FE4D /* Array-GradientStop.swift */ = {isa = PBXFileReference; lastKnownFileType = sourcecode.swift; path = "Array-GradientStop.swift"; sourceTree = "<group>"; };
		4589EFBC2B324B8000D9FE4D /* Color-Interpolation.swift */ = {isa = PBXFileReference; lastKnownFileType = sourcecode.swift; path = "Color-Interpolation.swift"; sourceTree = "<group>"; };
		4589EFBF2B325A5A00D9FE4D /* Star.swift */ = {isa = PBXFileReference; lastKnownFileType = sourcecode.swift; path = Star.swift; sourceTree = "<group>"; };
		4589EFC12B325A6100D9FE4D /* StarField.swift */ = {isa = PBXFileReference; lastKnownFileType = sourcecode.swift; path = StarField.swift; sourceTree = "<group>"; };
		4589EFC32B325A6E00D9FE4D /* StarsView.swift */ = {isa = PBXFileReference; lastKnownFileType = sourcecode.swift; path = StarsView.swift; sourceTree = "<group>"; };
		4589EFC62B32EF5A00D9FE4D /* Storm.swift */ = {isa = PBXFileReference; lastKnownFileType = sourcecode.swift; path = Storm.swift; sourceTree = "<group>"; };
		4589EFC82B32EFAD00D9FE4D /* StormDrop.swift */ = {isa = PBXFileReference; lastKnownFileType = sourcecode.swift; path = StormDrop.swift; sourceTree = "<group>"; };
		4589EFCA2B32F38C00D9FE4D /* StormView.swift */ = {isa = PBXFileReference; lastKnownFileType = sourcecode.swift; path = StormView.swift; sourceTree = "<group>"; };
		4589EFCD2B342B5900D9FE4D /* ResidueDrop.swift */ = {isa = PBXFileReference; lastKnownFileType = sourcecode.swift; path = ResidueDrop.swift; sourceTree = "<group>"; };
		4589EFCF2B342CCF00D9FE4D /* Residue.swift */ = {isa = PBXFileReference; lastKnownFileType = sourcecode.swift; path = Residue.swift; sourceTree = "<group>"; };
		4589EFD12B34305C00D9FE4D /* ResidueView.swift */ = {isa = PBXFileReference; lastKnownFileType = sourcecode.swift; path = ResidueView.swift; sourceTree = "<group>"; };
		4589EFD32B34342500D9FE4D /* WeatherDetailsView.swift */ = {isa = PBXFileReference; lastKnownFileType = sourcecode.swift; path = WeatherDetailsView.swift; sourceTree = "<group>"; };
		4589EFD62B3438D100D9FE4D /* Lightning.swift */ = {isa = PBXFileReference; lastKnownFileType = sourcecode.swift; path = Lightning.swift; sourceTree = "<group>"; };
		4589EFD82B34390500D9FE4D /* LightningBolt.swift */ = {isa = PBXFileReference; lastKnownFileType = sourcecode.swift; path = LightningBolt.swift; sourceTree = "<group>"; };
		4589EFDA2B343AB200D9FE4D /* LightningView.swift */ = {isa = PBXFileReference; lastKnownFileType = sourcecode.swift; path = LightningView.swift; sourceTree = "<group>"; };
		4589EFDD2B35A4F800D9FE4D /* SunView.swift */ = {isa = PBXFileReference; lastKnownFileType = sourcecode.swift; path = SunView.swift; sourceTree = "<group>"; };
		4589EFE02B35CCD700D9FE4D /* Meteor.swift */ = {isa = PBXFileReference; lastKnownFileType = sourcecode.swift; path = Meteor.swift; sourceTree = "<group>"; };
		4589EFE22B35D2EC00D9FE4D /* MeteorShower.swift */ = {isa = PBXFileReference; lastKnownFileType = sourcecode.swift; path = MeteorShower.swift; sourceTree = "<group>"; };
/* End PBXFileReference section */

/* Begin PBXFrameworksBuildPhase section */
		4589EF9C2B322E3000D9FE4D /* Frameworks */ = {
			isa = PBXFrameworksBuildPhase;
			buildActionMask = 2147483647;
			files = (
			);
			runOnlyForDeploymentPostprocessing = 0;
		};
/* End PBXFrameworksBuildPhase section */

/* Begin PBXGroup section */
		4589EF962B322E3000D9FE4D = {
			isa = PBXGroup;
			children = (
				4589EFA12B322E3000D9FE4D /* Weather */,
				4589EFA02B322E3000D9FE4D /* Products */,
			);
			sourceTree = "<group>";
		};
		4589EFA02B322E3000D9FE4D /* Products */ = {
			isa = PBXGroup;
			children = (
				4589EF9F2B322E3000D9FE4D /* Weather.app */,
			);
			name = Products;
			sourceTree = "<group>";
		};
		4589EFA12B322E3000D9FE4D /* Weather */ = {
			isa = PBXGroup;
			children = (
				4589EFA22B322E3000D9FE4D /* WeatherApp.swift */,
				4589EFA42B322E3000D9FE4D /* ContentView.swift */,
				4589EFD32B34342500D9FE4D /* WeatherDetailsView.swift */,
				4589EFDC2B35A4DC00D9FE4D /* Sun */,
				4589EFD52B3438BA00D9FE4D /* Lightning */,
				4589EFC52B32EF4A00D9FE4D /* Storm */,
				4589EFBE2B325A4500D9FE4D /* StarsView */,
				4589EFB62B32463300D9FE4D /* CloudsView */,
				4589EFB92B3247AD00D9FE4D /* Extensions */,
				4589EFA62B322E3800D9FE4D /* Assets.xcassets */,
				4589EFA82B322E3800D9FE4D /* Preview Content */,
			);
			path = Weather;
			sourceTree = "<group>";
		};
		4589EFA82B322E3800D9FE4D /* Preview Content */ = {
			isa = PBXGroup;
			children = (
				4589EFA92B322E3800D9FE4D /* Preview Assets.xcassets */,
			);
			path = "Preview Content";
			sourceTree = "<group>";
		};
		4589EFB62B32463300D9FE4D /* CloudsView */ = {
			isa = PBXGroup;
			children = (
				4589EFB42B32383800D9FE4D /* CloudsView.swift */,
				4589EFB22B32317100D9FE4D /* CloudGroup.swift */,
				4589EFB02B32304200D9FE4D /* Cloud.swift */,
			);
			path = CloudsView;
			sourceTree = "<group>";
		};
		4589EFB92B3247AD00D9FE4D /* Extensions */ = {
			isa = PBXGroup;
			children = (
				4589EFB72B32468E00D9FE4D /* Color-Custom.swift */,
				4589EFBC2B324B8000D9FE4D /* Color-Interpolation.swift */,
				4589EFBA2B32486500D9FE4D /* Array-GradientStop.swift */,
			);
			path = Extensions;
			sourceTree = "<group>";
		};
		4589EFBE2B325A4500D9FE4D /* StarsView */ = {
			isa = PBXGroup;
			children = (
				4589EFC32B325A6E00D9FE4D /* StarsView.swift */,
				4589EFC12B325A6100D9FE4D /* StarField.swift */,
				4589EFBF2B325A5A00D9FE4D /* Star.swift */,
				4589EFDF2B35CCC400D9FE4D /* Meteor */,
				4589EFCC2B342B4700D9FE4D /* Residue */,
			);
			path = StarsView;
			sourceTree = "<group>";
		};
		4589EFC52B32EF4A00D9FE4D /* Storm */ = {
			isa = PBXGroup;
			children = (
				4589EFCA2B32F38C00D9FE4D /* StormView.swift */,
				4589EFC82B32EFAD00D9FE4D /* StormDrop.swift */,
				4589EFC62B32EF5A00D9FE4D /* Storm.swift */,
			);
			path = Storm;
			sourceTree = "<group>";
		};
		4589EFCC2B342B4700D9FE4D /* Residue */ = {
			isa = PBXGroup;
			children = (
				4589EFD12B34305C00D9FE4D /* ResidueView.swift */,
				4589EFCF2B342CCF00D9FE4D /* Residue.swift */,
				4589EFCD2B342B5900D9FE4D /* ResidueDrop.swift */,
			);
			path = Residue;
			sourceTree = "<group>";
		};
		4589EFD52B3438BA00D9FE4D /* Lightning */ = {
			isa = PBXGroup;
			children = (
				4589EFDA2B343AB200D9FE4D /* LightningView.swift */,
				4589EFD62B3438D100D9FE4D /* Lightning.swift */,
				4589EFD82B34390500D9FE4D /* LightningBolt.swift */,
			);
			path = Lightning;
			sourceTree = "<group>";
		};
		4589EFDC2B35A4DC00D9FE4D /* Sun */ = {
			isa = PBXGroup;
			children = (
				4589EFDD2B35A4F800D9FE4D /* SunView.swift */,
			);
			path = Sun;
			sourceTree = "<group>";
		};
		4589EFDF2B35CCC400D9FE4D /* Meteor */ = {
			isa = PBXGroup;
			children = (
				4589EFE22B35D2EC00D9FE4D /* MeteorShower.swift */,
				4589EFE02B35CCD700D9FE4D /* Meteor.swift */,
			);
			path = Meteor;
			sourceTree = "<group>";
		};
/* End PBXGroup section */

/* Begin PBXNativeTarget section */
		4589EF9E2B322E3000D9FE4D /* Weather */ = {
			isa = PBXNativeTarget;
			buildConfigurationList = 4589EFAD2B322E3800D9FE4D /* Build configuration list for PBXNativeTarget "Weather" */;
			buildPhases = (
				4589EF9B2B322E3000D9FE4D /* Sources */,
				4589EF9C2B322E3000D9FE4D /* Frameworks */,
				4589EF9D2B322E3000D9FE4D /* Resources */,
			);
			buildRules = (
			);
			dependencies = (
			);
			name = Weather;
			productName = Weather;
			productReference = 4589EF9F2B322E3000D9FE4D /* Weather.app */;
			productType = "com.apple.product-type.application";
		};
/* End PBXNativeTarget section */

/* Begin PBXProject section */
		4589EF972B322E3000D9FE4D /* Project object */ = {
			isa = PBXProject;
			attributes = {
				BuildIndependentTargetsInParallel = 1;
				LastSwiftUpdateCheck = 1510;
				LastUpgradeCheck = 1510;
				TargetAttributes = {
					4589EF9E2B322E3000D9FE4D = {
						CreatedOnToolsVersion = 15.1;
					};
				};
			};
			buildConfigurationList = 4589EF9A2B322E3000D9FE4D /* Build configuration list for PBXProject "Weather" */;
			compatibilityVersion = "Xcode 14.0";
			developmentRegion = en;
			hasScannedForEncodings = 0;
			knownRegions = (
				en,
				Base,
			);
			mainGroup = 4589EF962B322E3000D9FE4D;
			productRefGroup = 4589EFA02B322E3000D9FE4D /* Products */;
			projectDirPath = "";
			projectRoot = "";
			targets = (
				4589EF9E2B322E3000D9FE4D /* Weather */,
			);
		};
/* End PBXProject section */

/* Begin PBXResourcesBuildPhase section */
		4589EF9D2B322E3000D9FE4D /* Resources */ = {
			isa = PBXResourcesBuildPhase;
			buildActionMask = 2147483647;
			files = (
				4589EFAA2B322E3800D9FE4D /* Preview Assets.xcassets in Resources */,
				4589EFA72B322E3800D9FE4D /* Assets.xcassets in Resources */,
			);
			runOnlyForDeploymentPostprocessing = 0;
		};
/* End PBXResourcesBuildPhase section */

/* Begin PBXSourcesBuildPhase section */
		4589EF9B2B322E3000D9FE4D /* Sources */ = {
			isa = PBXSourcesBuildPhase;
			buildActionMask = 2147483647;
			files = (
				4589EFC92B32EFAD00D9FE4D /* StormDrop.swift in Sources */,
				4589EFE32B35D2EC00D9FE4D /* MeteorShower.swift in Sources */,
				4589EFC02B325A5A00D9FE4D /* Star.swift in Sources */,
				4589EFCE2B342B5900D9FE4D /* ResidueDrop.swift in Sources */,
				4589EFBD2B324B8000D9FE4D /* Color-Interpolation.swift in Sources */,
				4589EFA52B322E3000D9FE4D /* ContentView.swift in Sources */,
				4589EFC72B32EF5A00D9FE4D /* Storm.swift in Sources */,
				4589EFB12B32304200D9FE4D /* Cloud.swift in Sources */,
				4589EFD92B34390500D9FE4D /* LightningBolt.swift in Sources */,
				4589EFCB2B32F38C00D9FE4D /* StormView.swift in Sources */,
				4589EFDE2B35A4F800D9FE4D /* SunView.swift in Sources */,
				4589EFD42B34342500D9FE4D /* WeatherDetailsView.swift in Sources */,
				4589EFE12B35CCD700D9FE4D /* Meteor.swift in Sources */,
				4589EFB82B32468E00D9FE4D /* Color-Custom.swift in Sources */,
				4589EFD02B342CCF00D9FE4D /* Residue.swift in Sources */,
				4589EFD22B34305C00D9FE4D /* ResidueView.swift in Sources */,
				4589EFA32B322E3000D9FE4D /* WeatherApp.swift in Sources */,
				4589EFC22B325A6100D9FE4D /* StarField.swift in Sources */,
				4589EFBB2B32486500D9FE4D /* Array-GradientStop.swift in Sources */,
				4589EFD72B3438D100D9FE4D /* Lightning.swift in Sources */,
				4589EFB32B32317100D9FE4D /* CloudGroup.swift in Sources */,
				4589EFC42B325A6E00D9FE4D /* StarsView.swift in Sources */,
				4589EFDB2B343AB200D9FE4D /* LightningView.swift in Sources */,
				4589EFB52B32383800D9FE4D /* CloudsView.swift in Sources */,
			);
			runOnlyForDeploymentPostprocessing = 0;
		};
/* End PBXSourcesBuildPhase section */

/* Begin XCBuildConfiguration section */
		4589EFAB2B322E3800D9FE4D /* Debug */ = {
			isa = XCBuildConfiguration;
			buildSettings = {
				ALWAYS_SEARCH_USER_PATHS = NO;
				ASSETCATALOG_COMPILER_GENERATE_SWIFT_ASSET_SYMBOL_EXTENSIONS = YES;
				CLANG_ANALYZER_NONNULL = YES;
				CLANG_ANALYZER_NUMBER_OBJECT_CONVERSION = YES_AGGRESSIVE;
				CLANG_CXX_LANGUAGE_STANDARD = "gnu++20";
				CLANG_ENABLE_MODULES = YES;
				CLANG_ENABLE_OBJC_ARC = YES;
				CLANG_ENABLE_OBJC_WEAK = YES;
				CLANG_WARN_BLOCK_CAPTURE_AUTORELEASING = YES;
				CLANG_WARN_BOOL_CONVERSION = YES;
				CLANG_WARN_COMMA = YES;
				CLANG_WARN_CONSTANT_CONVERSION = YES;
				CLANG_WARN_DEPRECATED_OBJC_IMPLEMENTATIONS = YES;
				CLANG_WARN_DIRECT_OBJC_ISA_USAGE = YES_ERROR;
				CLANG_WARN_DOCUMENTATION_COMMENTS = YES;
				CLANG_WARN_EMPTY_BODY = YES;
				CLANG_WARN_ENUM_CONVERSION = YES;
				CLANG_WARN_INFINITE_RECURSION = YES;
				CLANG_WARN_INT_CONVERSION = YES;
				CLANG_WARN_NON_LITERAL_NULL_CONVERSION = YES;
				CLANG_WARN_OBJC_IMPLICIT_RETAIN_SELF = YES;
				CLANG_WARN_OBJC_LITERAL_CONVERSION = YES;
				CLANG_WARN_OBJC_ROOT_CLASS = YES_ERROR;
				CLANG_WARN_QUOTED_INCLUDE_IN_FRAMEWORK_HEADER = YES;
				CLANG_WARN_RANGE_LOOP_ANALYSIS = YES;
				CLANG_WARN_STRICT_PROTOTYPES = YES;
				CLANG_WARN_SUSPICIOUS_MOVE = YES;
				CLANG_WARN_UNGUARDED_AVAILABILITY = YES_AGGRESSIVE;
				CLANG_WARN_UNREACHABLE_CODE = YES;
				CLANG_WARN__DUPLICATE_METHOD_MATCH = YES;
				COPY_PHASE_STRIP = NO;
				DEBUG_INFORMATION_FORMAT = dwarf;
				ENABLE_STRICT_OBJC_MSGSEND = YES;
				ENABLE_TESTABILITY = YES;
				ENABLE_USER_SCRIPT_SANDBOXING = YES;
				GCC_C_LANGUAGE_STANDARD = gnu17;
				GCC_DYNAMIC_NO_PIC = NO;
				GCC_NO_COMMON_BLOCKS = YES;
				GCC_OPTIMIZATION_LEVEL = 0;
				GCC_PREPROCESSOR_DEFINITIONS = (
					"DEBUG=1",
					"$(inherited)",
				);
				GCC_WARN_64_TO_32_BIT_CONVERSION = YES;
				GCC_WARN_ABOUT_RETURN_TYPE = YES_ERROR;
				GCC_WARN_UNDECLARED_SELECTOR = YES;
				GCC_WARN_UNINITIALIZED_AUTOS = YES_AGGRESSIVE;
				GCC_WARN_UNUSED_FUNCTION = YES;
				GCC_WARN_UNUSED_VARIABLE = YES;
				IPHONEOS_DEPLOYMENT_TARGET = 17.2;
				LOCALIZATION_PREFERS_STRING_CATALOGS = YES;
				MTL_ENABLE_DEBUG_INFO = INCLUDE_SOURCE;
				MTL_FAST_MATH = YES;
				ONLY_ACTIVE_ARCH = YES;
				SDKROOT = iphoneos;
				SWIFT_ACTIVE_COMPILATION_CONDITIONS = "DEBUG $(inherited)";
				SWIFT_OPTIMIZATION_LEVEL = "-Onone";
			};
			name = Debug;
		};
		4589EFAC2B322E3800D9FE4D /* Release */ = {
			isa = XCBuildConfiguration;
			buildSettings = {
				ALWAYS_SEARCH_USER_PATHS = NO;
				ASSETCATALOG_COMPILER_GENERATE_SWIFT_ASSET_SYMBOL_EXTENSIONS = YES;
				CLANG_ANALYZER_NONNULL = YES;
				CLANG_ANALYZER_NUMBER_OBJECT_CONVERSION = YES_AGGRESSIVE;
				CLANG_CXX_LANGUAGE_STANDARD = "gnu++20";
				CLANG_ENABLE_MODULES = YES;
				CLANG_ENABLE_OBJC_ARC = YES;
				CLANG_ENABLE_OBJC_WEAK = YES;
				CLANG_WARN_BLOCK_CAPTURE_AUTORELEASING = YES;
				CLANG_WARN_BOOL_CONVERSION = YES;
				CLANG_WARN_COMMA = YES;
				CLANG_WARN_CONSTANT_CONVERSION = YES;
				CLANG_WARN_DEPRECATED_OBJC_IMPLEMENTATIONS = YES;
				CLANG_WARN_DIRECT_OBJC_ISA_USAGE = YES_ERROR;
				CLANG_WARN_DOCUMENTATION_COMMENTS = YES;
				CLANG_WARN_EMPTY_BODY = YES;
				CLANG_WARN_ENUM_CONVERSION = YES;
				CLANG_WARN_INFINITE_RECURSION = YES;
				CLANG_WARN_INT_CONVERSION = YES;
				CLANG_WARN_NON_LITERAL_NULL_CONVERSION = YES;
				CLANG_WARN_OBJC_IMPLICIT_RETAIN_SELF = YES;
				CLANG_WARN_OBJC_LITERAL_CONVERSION = YES;
				CLANG_WARN_OBJC_ROOT_CLASS = YES_ERROR;
				CLANG_WARN_QUOTED_INCLUDE_IN_FRAMEWORK_HEADER = YES;
				CLANG_WARN_RANGE_LOOP_ANALYSIS = YES;
				CLANG_WARN_STRICT_PROTOTYPES = YES;
				CLANG_WARN_SUSPICIOUS_MOVE = YES;
				CLANG_WARN_UNGUARDED_AVAILABILITY = YES_AGGRESSIVE;
				CLANG_WARN_UNREACHABLE_CODE = YES;
				CLANG_WARN__DUPLICATE_METHOD_MATCH = YES;
				COPY_PHASE_STRIP = NO;
				DEBUG_INFORMATION_FORMAT = "dwarf-with-dsym";
				ENABLE_NS_ASSERTIONS = NO;
				ENABLE_STRICT_OBJC_MSGSEND = YES;
				ENABLE_USER_SCRIPT_SANDBOXING = YES;
				GCC_C_LANGUAGE_STANDARD = gnu17;
				GCC_NO_COMMON_BLOCKS = YES;
				GCC_WARN_64_TO_32_BIT_CONVERSION = YES;
				GCC_WARN_ABOUT_RETURN_TYPE = YES_ERROR;
				GCC_WARN_UNDECLARED_SELECTOR = YES;
				GCC_WARN_UNINITIALIZED_AUTOS = YES_AGGRESSIVE;
				GCC_WARN_UNUSED_FUNCTION = YES;
				GCC_WARN_UNUSED_VARIABLE = YES;
				IPHONEOS_DEPLOYMENT_TARGET = 17.2;
				LOCALIZATION_PREFERS_STRING_CATALOGS = YES;
				MTL_ENABLE_DEBUG_INFO = NO;
				MTL_FAST_MATH = YES;
				SDKROOT = iphoneos;
				SWIFT_COMPILATION_MODE = wholemodule;
				VALIDATE_PRODUCT = YES;
			};
			name = Release;
		};
		4589EFAE2B322E3800D9FE4D /* Debug */ = {
			isa = XCBuildConfiguration;
			buildSettings = {
				ASSETCATALOG_COMPILER_APPICON_NAME = AppIcon;
				ASSETCATALOG_COMPILER_GLOBAL_ACCENT_COLOR_NAME = AccentColor;
				CODE_SIGN_STYLE = Automatic;
				CURRENT_PROJECT_VERSION = 1;
				DEVELOPMENT_ASSET_PATHS = "\"Weather/Preview Content\"";
				DEVELOPMENT_TEAM = S98C3BL8SB;
				ENABLE_PREVIEWS = YES;
				GENERATE_INFOPLIST_FILE = YES;
				INFOPLIST_KEY_UIApplicationSceneManifest_Generation = YES;
				INFOPLIST_KEY_UIApplicationSupportsIndirectInputEvents = YES;
				INFOPLIST_KEY_UILaunchScreen_Generation = YES;
				INFOPLIST_KEY_UISupportedInterfaceOrientations_iPad = "UIInterfaceOrientationPortrait UIInterfaceOrientationPortraitUpsideDown UIInterfaceOrientationLandscapeLeft UIInterfaceOrientationLandscapeRight";
				INFOPLIST_KEY_UISupportedInterfaceOrientations_iPhone = "UIInterfaceOrientationPortrait UIInterfaceOrientationLandscapeLeft UIInterfaceOrientationLandscapeRight";
				LD_RUNPATH_SEARCH_PATHS = (
					"$(inherited)",
					"@executable_path/Frameworks",
				);
				MARKETING_VERSION = 1.0;
				PRODUCT_BUNDLE_IDENTIFIER = PeterSanyo.Weather;
				PRODUCT_NAME = "$(TARGET_NAME)";
				SWIFT_EMIT_LOC_STRINGS = YES;
				SWIFT_VERSION = 5.0;
				TARGETED_DEVICE_FAMILY = "1,2";
			};
			name = Debug;
		};
		4589EFAF2B322E3800D9FE4D /* Release */ = {
			isa = XCBuildConfiguration;
			buildSettings = {
				ASSETCATALOG_COMPILER_APPICON_NAME = AppIcon;
				ASSETCATALOG_COMPILER_GLOBAL_ACCENT_COLOR_NAME = AccentColor;
				CODE_SIGN_STYLE = Automatic;
				CURRENT_PROJECT_VERSION = 1;
				DEVELOPMENT_ASSET_PATHS = "\"Weather/Preview Content\"";
				DEVELOPMENT_TEAM = S98C3BL8SB;
				ENABLE_PREVIEWS = YES;
				GENERATE_INFOPLIST_FILE = YES;
				INFOPLIST_KEY_UIApplicationSceneManifest_Generation = YES;
				INFOPLIST_KEY_UIApplicationSupportsIndirectInputEvents = YES;
				INFOPLIST_KEY_UILaunchScreen_Generation = YES;
				INFOPLIST_KEY_UISupportedInterfaceOrientations_iPad = "UIInterfaceOrientationPortrait UIInterfaceOrientationPortraitUpsideDown UIInterfaceOrientationLandscapeLeft UIInterfaceOrientationLandscapeRight";
				INFOPLIST_KEY_UISupportedInterfaceOrientations_iPhone = "UIInterfaceOrientationPortrait UIInterfaceOrientationLandscapeLeft UIInterfaceOrientationLandscapeRight";
				LD_RUNPATH_SEARCH_PATHS = (
					"$(inherited)",
					"@executable_path/Frameworks",
				);
				MARKETING_VERSION = 1.0;
				PRODUCT_BUNDLE_IDENTIFIER = PeterSanyo.Weather;
				PRODUCT_NAME = "$(TARGET_NAME)";
				SWIFT_EMIT_LOC_STRINGS = YES;
				SWIFT_VERSION = 5.0;
				TARGETED_DEVICE_FAMILY = "1,2";
			};
			name = Release;
		};
/* End XCBuildConfiguration section */

/* Begin XCConfigurationList section */
		4589EF9A2B322E3000D9FE4D /* Build configuration list for PBXProject "Weather" */ = {
			isa = XCConfigurationList;
			buildConfigurations = (
				4589EFAB2B322E3800D9FE4D /* Debug */,
				4589EFAC2B322E3800D9FE4D /* Release */,
			);
			defaultConfigurationIsVisible = 0;
			defaultConfigurationName = Release;
		};
		4589EFAD2B322E3800D9FE4D /* Build configuration list for PBXNativeTarget "Weather" */ = {
			isa = XCConfigurationList;
			buildConfigurations = (
				4589EFAE2B322E3800D9FE4D /* Debug */,
				4589EFAF2B322E3800D9FE4D /* Release */,
			);
			defaultConfigurationIsVisible = 0;
			defaultConfigurationName = Release;
		};
/* End XCConfigurationList section */
	};
	rootObject = 4589EF972B322E3000D9FE4D /* Project object */;
}
